{
  "name": "claude-whitelabel-themes",
  "version": "0.1.0",
  "lockfileVersion": 3,
  "requires": true,
  "packages": {
    "": {
      "name": "claude-whitelabel-themes",
      "version": "0.1.0",
      "license": "MIT",
      "bin": {
        "claude-theme": "bin/claude-theme.js",
        "claude-whitelabel-themes": "bin/claude-theme.js"
      },
      "engines": {
        "node": ">=18"
      }
    }
  }
}
